
Microsoft Visual Studio Solution File, Format Version 12.00
# Visual Studio 15
VisualStudioVersion = 15.0.28010.2050
MinimumVisualStudioVersion = 10.0.40219.1
Project("{FAE04EC0-301F-11D3-BF4B-00C04F79EFBC}") = "minirss", "minirss\minirss.csproj", "{A582409F-E45C-4168-B034-D64F4E4F5C56}"
EndProject
Global
	GlobalSection(SolutionConfigurationPlatforms) = preSolution
		Debug|Any CPU = Debug|Any CPU
		Release|Any CPU = Release|Any CPU
	EndGlobalSection
	GlobalSection(ProjectConfigurationPlatforms) = postSolution
		{A582409F-E45C-4168-B034-D64F4E4F5C56}.Debug|Any CPU.ActiveCfg = Debug|Any CPU
		{A582409F-E45C-4168-B034-D64F4E4F5C56}.Debug|Any CPU.Build.0 = Debug|Any CPU
		{A582409F-E45C-4168-B034-D64F4E4F5C56}.Release|Any CPU.ActiveCfg = Release|Any CPU
		{A582409F-E45C-4168-B034-D64F4E4F5C56}.Release|Any CPU.Build.0 = Release|Any CPU
	EndGlobalSection
	GlobalSection(SolutionProperties) = preSolution
		HideSolutionNode = FALSE
	EndGlobalSection
	GlobalSection(ExtensibilityGlobals) = postSolution
		SolutionGuid = {E86CD402-EF9D-4AF1-96C8-B0D2A1C45190}
	EndGlobalSection
EndGlobal
